// !$*UTF8*$!
{
	archiveVersion = 1;
	classes = {
	};
	objectVersion = 55;
	objects = {

/* Begin PBXBuildFile section */
		CF3F2E7C27FCCEB3001791E4 /* shopView.swift in Sources */ = {isa = PBXBuildFile; fileRef = CF3F2E7B27FCCEB3001791E4 /* shopView.swift */; };
		CF47E9A927FE13B500D2E605 /* NavigationController.swift in Sources */ = {isa = PBXBuildFile; fileRef = CF47E9A827FE13B500D2E605 /* NavigationController.swift */; };
		CF4FF96327F4D3100011A28D /* AppDelegate.swift in Sources */ = {isa = PBXBuildFile; fileRef = CF4FF96227F4D3100011A28D /* AppDelegate.swift */; };
		CF4FF96527F4D3100011A28D /* SceneDelegate.swift in Sources */ = {isa = PBXBuildFile; fileRef = CF4FF96427F4D3100011A28D /* SceneDelegate.swift */; };
		CF4FF96727F4D3100011A28D /* MainMenuController.swift in Sources */ = {isa = PBXBuildFile; fileRef = CF4FF96627F4D3100011A28D /* MainMenuController.swift */; };
		CF4FF96A27F4D3100011A28D /* Main.storyboard in Resources */ = {isa = PBXBuildFile; fileRef = CF4FF96827F4D3100011A28D /* Main.storyboard */; };
		CF4FF96C27F4D3110011A28D /* Assets.xcassets in Resources */ = {isa = PBXBuildFile; fileRef = CF4FF96B27F4D3110011A28D /* Assets.xcassets */; };
		CF4FF96F27F4D3110011A28D /* LaunchScreen.storyboard in Resources */ = {isa = PBXBuildFile; fileRef = CF4FF96D27F4D3110011A28D /* LaunchScreen.storyboard */; };
		CF4FF97927F4D8140011A28D /* FrogWranglerView.swift in Sources */ = {isa = PBXBuildFile; fileRef = CF4FF97827F4D8140011A28D /* FrogWranglerView.swift */; };
/* End PBXBuildFile section */

/* Begin PBXFileReference section */
		CF3F2E7B27FCCEB3001791E4 /* shopView.swift */ = {isa = PBXFileReference; lastKnownFileType = sourcecode.swift; path = shopView.swift; sourceTree = "<group>"; };
		CF47E9A827FE13B500D2E605 /* NavigationController.swift */ = {isa = PBXFileReference; lastKnownFileType = sourcecode.swift; path = NavigationController.swift; sourceTree = "<group>"; };
		CF4FF95F27F4D3100011A28D /* Tappy Frog.app */ = {isa = PBXFileReference; explicitFileType = wrapper.application; includeInIndex = 0; path = "Tappy Frog.app"; sourceTree = BUILT_PRODUCTS_DIR; };
		CF4FF96227F4D3100011A28D /* AppDelegate.swift */ = {isa = PBXFileReference; lastKnownFileType = sourcecode.swift; path = AppDelegate.swift; sourceTree = "<group>"; };
		CF4FF96427F4D3100011A28D /* SceneDelegate.swift */ = {isa = PBXFileReference; lastKnownFileType = sourcecode.swift; path = SceneDelegate.swift; sourceTree = "<group>"; };
		CF4FF96627F4D3100011A28D /* MainMenuController.swift */ = {isa = PBXFileReference; lastKnownFileType = sourcecode.swift; path = MainMenuController.swift; sourceTree = "<group>"; };
		CF4FF96927F4D3100011A28D /* Base */ = {isa = PBXFileReference; lastKnownFileType = file.storyboard; name = Base; path = Base.lproj/Main.storyboard; sourceTree = "<group>"; };
		CF4FF96B27F4D3110011A28D /* Assets.xcassets */ = {isa = PBXFileReference; lastKnownFileType = folder.assetcatalog; path = Assets.xcassets; sourceTree = "<group>"; };
		CF4FF96E27F4D3110011A28D /* Base */ = {isa = PBXFileReference; lastKnownFileType = file.storyboard; name = Base; path = Base.lproj/LaunchScreen.storyboard; sourceTree = "<group>"; };
		CF4FF97027F4D3110011A28D /* Info.plist */ = {isa = PBXFileReference; lastKnownFileType = text.plist.xml; path = Info.plist; sourceTree = "<group>"; };
		CF4FF97827F4D8140011A28D /* FrogWranglerView.swift */ = {isa = PBXFileReference; lastKnownFileType = sourcecode.swift; path = FrogWranglerView.swift; sourceTree = "<group>"; };
/* End PBXFileReference section */

/* Begin PBXFrameworksBuildPhase section */
		CF4FF95C27F4D3100011A28D /* Frameworks */ = {
			isa = PBXFrameworksBuildPhase;
			buildActionMask = 2147483647;
			files = (
			);
			runOnlyForDeploymentPostprocessing = 0;
		};
/* End PBXFrameworksBuildPhase section */

/* Begin PBXGroup section */
		CF4FF95627F4D3100011A28D = {
			isa = PBXGroup;
			children = (
				CF4FF96127F4D3100011A28D /* Final_Project */,
				CF4FF96027F4D3100011A28D /* Products */,
			);
			sourceTree = "<group>";
		};
		CF4FF96027F4D3100011A28D /* Products */ = {
			isa = PBXGroup;
			children = (
				CF4FF95F27F4D3100011A28D /* Tappy Frog.app */,
			);
			name = Products;
			sourceTree = "<group>";
		};
		CF4FF96127F4D3100011A28D /* Final_Project */ = {
			isa = PBXGroup;
			children = (
				CF47E9A827FE13B500D2E605 /* NavigationController.swift */,
				CF3F2E7B27FCCEB3001791E4 /* shopView.swift */,
				CF4FF97827F4D8140011A28D /* FrogWranglerView.swift */,
				CF4FF96227F4D3100011A28D /* AppDelegate.swift */,
				CF4FF96427F4D3100011A28D /* SceneDelegate.swift */,
				CF4FF96627F4D3100011A28D /* MainMenuController.swift */,
				CF4FF96827F4D3100011A28D /* Main.storyboard */,
				CF4FF96B27F4D3110011A28D /* Assets.xcassets */,
				CF4FF96D27F4D3110011A28D /* LaunchScreen.storyboard */,
				CF4FF97027F4D3110011A28D /* Info.plist */,
			);
			name = Final_Project;
			path = "/Users/jorge/Desktop/Tappy Frog/Final_Project";
			sourceTree = "<absolute>";
		};
/* End PBXGroup section */

/* Begin PBXNativeTarget section */
		CF4FF95E27F4D3100011A28D /* Tappy Frog */ = {
			isa = PBXNativeTarget;
			buildConfigurationList = CF4FF97327F4D3110011A28D /* Build configuration list for PBXNativeTarget "Tappy Frog" */;
			buildPhases = (
				CF4FF95B27F4D3100011A28D /* Sources */,
				CF4FF95C27F4D3100011A28D /* Frameworks */,
				CF4FF95D27F4D3100011A28D /* Resources */,
			);
			buildRules = (
			);
			dependencies = (
			);
			name = "Tappy Frog";
			productName = Final_Project;
			productReference = CF4FF95F27F4D3100011A28D /* Tappy Frog.app */;
			productType = "com.apple.product-type.application";
		};
/* End PBXNativeTarget section */

/* Begin PBXProject section */
		CF4FF95727F4D3100011A28D /* Project object */ = {
			isa = PBXProject;
			attributes = {
				BuildIndependentTargetsInParallel = 1;
				LastSwiftUpdateCheck = 1320;
				LastUpgradeCheck = 1320;
				TargetAttributes = {
					CF4FF95E27F4D3100011A28D = {
						CreatedOnToolsVersion = 13.2.1;
					};
				};
			};
			buildConfigurationList = CF4FF95A27F4D3100011A28D /* Build configuration list for PBXProject "Tappy Frog" */;
			compatibilityVersion = "Xcode 13.0";
			developmentRegion = en;
			hasScannedForEncodings = 0;
			knownRegions = (
				en,
				Base,
			);
			mainGroup = CF4FF95627F4D3100011A28D;
			productRefGroup = CF4FF96027F4D3100011A28D /* Products */;
			projectDirPath = "";
			projectRoot = "";
			targets = (
				CF4FF95E27F4D3100011A28D /* Tappy Frog */,
			);
		};
/* End PBXProject section */

/* Begin PBXResourcesBuildPhase section */
		CF4FF95D27F4D3100011A28D /* Resources */ = {
			isa = PBXResourcesBuildPhase;
			buildActionMask = 2147483647;
			files = (
				CF4FF96F27F4D3110011A28D /* LaunchScreen.storyboard in Resources */,
				CF4FF96C27F4D3110011A28D /* Assets.xcassets in Resources */,
				CF4FF96A27F4D3100011A28D /* Main.storyboard in Resources */,
			);
			runOnlyForDeploymentPostprocessing = 0;
		};
/* End PBXResourcesBuildPhase section */

/* Begin PBXSourcesBuildPhase section */
		CF4FF95B27F4D3100011A28D /* Sources */ = {
			isa = PBXSourcesBuildPhase;
			buildActionMask = 2147483647;
			files = (
				CF4FF97927F4D8140011A28D /* FrogWranglerView.swift in Sources */,
				CF47E9A927FE13B500D2E605 /* NavigationController.swift in Sources */,
				CF4FF96727F4D3100011A28D /* MainMenuController.swift in Sources */,
				CF4FF96327F4D3100011A28D /* AppDelegate.swift in Sources */,
				CF3F2E7C27FCCEB3001791E4 /* shopView.swift in Sources */,
				CF4FF96527F4D3100011A28D /* SceneDelegate.swift in Sources */,
			);
			runOnlyForDeploymentPostprocessing = 0;
		};
/* End PBXSourcesBuildPhase section */

/* Begin PBXVariantGroup section */
		CF4FF96827F4D3100011A28D /* Main.storyboard */ = {
			isa = PBXVariantGroup;
			children = (
				CF4FF96927F4D3100011A28D /* Base */,
			);
			name = Main.storyboard;
			sourceTree = "<group>";
		};
		CF4FF96D27F4D3110011A28D /* LaunchScreen.storyboard */ = {
			isa = PBXVariantGroup;
			children = (
				CF4FF96E27F4D3110011A28D /* Base */,
			);
			name = LaunchScreen.storyboard;
			sourceTree = "<group>";
		};
/* End PBXVariantGroup section */

/* Begin XCBuildConfiguration section */
		CF4FF97127F4D3110011A28D /* Debug */ = {
			isa = XCBuildConfiguration;
			buildSettings = {
				ALWAYS_SEARCH_USER_PATHS = NO;
				CLANG_ANALYZER_NONNULL = YES;
				CLANG_ANALYZER_NUMBER_OBJECT_CONVERSION = YES_AGGRESSIVE;
				CLANG_CXX_LANGUAGE_STANDARD = "gnu++17";
				CLANG_CXX_LIBRARY = "libc++";
				CLANG_ENABLE_MODULES = YES;
				CLANG_ENABLE_OBJC_ARC = YES;
				CLANG_ENABLE_OBJC_WEAK = YES;
				CLANG_WARN_BLOCK_CAPTURE_AUTORELEASING = YES;
				CLANG_WARN_BOOL_CONVERSION = YES;
				CLANG_WARN_COMMA = YES;
				CLANG_WARN_CONSTANT_CONVERSION = YES;
				CLANG_WARN_DEPRECATED_OBJC_IMPLEMENTATIONS = YES;
				CLANG_WARN_DIRECT_OBJC_ISA_USAGE = YES_ERROR;
				CLANG_WARN_DOCUMENTATION_COMMENTS = YES;
				CLANG_WARN_EMPTY_BODY = YES;
				CLANG_WARN_ENUM_CONVERSION = YES;
				CLANG_WARN_INFINITE_RECURSION = YES;
				CLANG_WARN_INT_CONVERSION = YES;
				CLANG_WARN_NON_LITERAL_NULL_CONVERSION = YES;
				CLANG_WARN_OBJC_IMPLICIT_RETAIN_SELF = YES;
				CLANG_WARN_OBJC_LITERAL_CONVERSION = YES;
				CLANG_WARN_OBJC_ROOT_CLASS = YES_ERROR;
				CLANG_WARN_QUOTED_INCLUDE_IN_FRAMEWORK_HEADER = YES;
				CLANG_WARN_RANGE_LOOP_ANALYSIS = YES;
				CLANG_WARN_STRICT_PROTOTYPES = YES;
				CLANG_WARN_SUSPICIOUS_MOVE = YES;
				CLANG_WARN_UNGUARDED_AVAILABILITY = YES_AGGRESSIVE;
				CLANG_WARN_UNREACHABLE_CODE = YES;
				CLANG_WARN__DUPLICATE_METHOD_MATCH = YES;
				COPY_PHASE_STRIP = NO;
				DEBUG_INFORMATION_FORMAT = dwarf;
				ENABLE_STRICT_OBJC_MSGSEND = YES;
				ENABLE_TESTABILITY = YES;
				GCC_C_LANGUAGE_STANDARD = gnu11;
				GCC_DYNAMIC_NO_PIC = NO;
				GCC_NO_COMMON_BLOCKS = YES;
				GCC_OPTIMIZATION_LEVEL = 0;
				GCC_PREPROCESSOR_DEFINITIONS = (
					"DEBUG=1",
					"$(inherited)",
				);
				GCC_WARN_64_TO_32_BIT_CONVERSION = YES;
				GCC_WARN_ABOUT_RETURN_TYPE = YES_ERROR;
				GCC_WARN_UNDECLARED_SELECTOR = YES;
				GCC_WARN_UNINITIALIZED_AUTOS = YES_AGGRESSIVE;
				GCC_WARN_UNUSED_FUNCTION = YES;
				GCC_WARN_UNUSED_VARIABLE = YES;
				IPHONEOS_DEPLOYMENT_TARGET = 15.2;
				MTL_ENABLE_DEBUG_INFO = INCLUDE_SOURCE;
				MTL_FAST_MATH = YES;
				ONLY_ACTIVE_ARCH = YES;
				SDKROOT = iphoneos;
				SWIFT_ACTIVE_COMPILATION_CONDITIONS = DEBUG;
				SWIFT_OPTIMIZATION_LEVEL = "-Onone";
			};
			name = Debug;
		};
		CF4FF97227F4D3110011A28D /* Release */ = {
			isa = XCBuildConfiguration;
			buildSettings = {
				ALWAYS_SEARCH_USER_PATHS = NO;
				CLANG_ANALYZER_NONNULL = YES;
				CLANG_ANALYZER_NUMBER_OBJECT_CONVERSION = YES_AGGRESSIVE;
				CLANG_CXX_LANGUAGE_STANDARD = "gnu++17";
				CLANG_CXX_LIBRARY = "libc++";
				CLANG_ENABLE_MODULES = YES;
				CLANG_ENABLE_OBJC_ARC = YES;
				CLANG_ENABLE_OBJC_WEAK = YES;
				CLANG_WARN_BLOCK_CAPTURE_AUTORELEASING = YES;
				CLANG_WARN_BOOL_CONVERSION = YES;
				CLANG_WARN_COMMA = YES;
				CLANG_WARN_CONSTANT_CONVERSION = YES;
				CLANG_WARN_DEPRECATED_OBJC_IMPLEMENTATIONS = YES;
				CLANG_WARN_DIRECT_OBJC_ISA_USAGE = YES_ERROR;
				CLANG_WARN_DOCUMENTATION_COMMENTS = YES;
				CLANG_WARN_EMPTY_BODY = YES;
				CLANG_WARN_ENUM_CONVERSION = YES;
				CLANG_WARN_INFINITE_RECURSION = YES;
				CLANG_WARN_INT_CONVERSION = YES;
				CLANG_WARN_NON_LITERAL_NULL_CONVERSION = YES;
				CLANG_WARN_OBJC_IMPLICIT_RETAIN_SELF = YES;
				CLANG_WARN_OBJC_LITERAL_CONVERSION = YES;
				CLANG_WARN_OBJC_ROOT_CLASS = YES_ERROR;
				CLANG_WARN_QUOTED_INCLUDE_IN_FRAMEWORK_HEADER = YES;
				CLANG_WARN_RANGE_LOOP_ANALYSIS = YES;
				CLANG_WARN_STRICT_PROTOTYPES = YES;
				CLANG_WARN_SUSPICIOUS_MOVE = YES;
				CLANG_WARN_UNGUARDED_AVAILABILITY = YES_AGGRESSIVE;
				CLANG_WARN_UNREACHABLE_CODE = YES;
				CLANG_WARN__DUPLICATE_METHOD_MATCH = YES;
				COPY_PHASE_STRIP = NO;
				DEBUG_INFORMATION_FORMAT = "dwarf-with-dsym";
				ENABLE_NS_ASSERTIONS = NO;
				ENABLE_STRICT_OBJC_MSGSEND = YES;
				GCC_C_LANGUAGE_STANDARD = gnu11;
				GCC_NO_COMMON_BLOCKS = YES;
				GCC_WARN_64_TO_32_BIT_CONVERSION = YES;
				GCC_WARN_ABOUT_RETURN_TYPE = YES_ERROR;
				GCC_WARN_UNDECLARED_SELECTOR = YES;
				GCC_WARN_UNINITIALIZED_AUTOS = YES_AGGRESSIVE;
				GCC_WARN_UNUSED_FUNCTION = YES;
				GCC_WARN_UNUSED_VARIABLE = YES;
				IPHONEOS_DEPLOYMENT_TARGET = 15.2;
				MTL_ENABLE_DEBUG_INFO = NO;
				MTL_FAST_MATH = YES;
				SDKROOT = iphoneos;
				SWIFT_COMPILATION_MODE = wholemodule;
				SWIFT_OPTIMIZATION_LEVEL = "-O";
				VALIDATE_PRODUCT = YES;
			};
			name = Release;
		};
		CF4FF97427F4D3110011A28D /* Debug */ = {
			isa = XCBuildConfiguration;
			buildSettings = {
				ASSETCATALOG_COMPILER_APPICON_NAME = AppIcon;
				ASSETCATALOG_COMPILER_GLOBAL_ACCENT_COLOR_NAME = AccentColor;
				CODE_SIGN_STYLE = Automatic;
				CURRENT_PROJECT_VERSION = 1;
				DEVELOPMENT_TEAM = 2LUT8G6T6V;
				GENERATE_INFOPLIST_FILE = YES;
				INFOPLIST_FILE = Final_Project/Info.plist;
				INFOPLIST_KEY_UIApplicationSupportsIndirectInputEvents = YES;
				INFOPLIST_KEY_UILaunchStoryboardName = LaunchScreen;
				INFOPLIST_KEY_UIMainStoryboardFile = Main;
				INFOPLIST_KEY_UISupportedInterfaceOrientations = UIInterfaceOrientationPortrait;
				INFOPLIST_KEY_UISupportedInterfaceOrientations_iPad = "UIInterfaceOrientationPortrait UIInterfaceOrientationPortraitUpsideDown UIInterfaceOrientationLandscapeLeft UIInterfaceOrientationLandscapeRight";
				INFOPLIST_KEY_UISupportedInterfaceOrientations_iPhone = UIInterfaceOrientationPortrait;
				LD_RUNPATH_SEARCH_PATHS = (
					"$(inherited)",
					"@executable_path/Frameworks",
				);
				MARKETING_VERSION = 1.0;
				PRODUCT_BUNDLE_IDENTIFIER = "COSC4596.Final-Project";
				PRODUCT_NAME = "$(TARGET_NAME)";
				SWIFT_EMIT_LOC_STRINGS = YES;
				SWIFT_VERSION = 5.0;
				TARGETED_DEVICE_FAMILY = "1,2";
			};
			name = Debug;
		};
		CF4FF97527F4D3110011A28D /* Release */ = {
			isa = XCBuildConfiguration;
			buildSettings = {
				ASSETCATALOG_COMPILER_APPICON_NAME = AppIcon;
				ASSETCATALOG_COMPILER_GLOBAL_ACCENT_COLOR_NAME = AccentColor;
				CODE_SIGN_STYLE = Automatic;
				CURRENT_PROJECT_VERSION = 1;
				DEVELOPMENT_TEAM = 2LUT8G6T6V;
				GENERATE_INFOPLIST_FILE = YES;
				INFOPLIST_FILE = Final_Project/Info.plist;
				INFOPLIST_KEY_UIApplicationSupportsIndirectInputEvents = YES;
				INFOPLIST_KEY_UILaunchStoryboardName = LaunchScreen;
				INFOPLIST_KEY_UIMainStoryboardFile = Main;
				INFOPLIST_KEY_UISupportedInterfaceOrientations = UIInterfaceOrientationPortrait;
				INFOPLIST_KEY_UISupportedInterfaceOrientations_iPad = "UIInterfaceOrientationPortrait UIInterfaceOrientationPortraitUpsideDown UIInterfaceOrientationLandscapeLeft UIInterfaceOrientationLandscapeRight";
				INFOPLIST_KEY_UISupportedInterfaceOrientations_iPhone = UIInterfaceOrientationPortrait;
				LD_RUNPATH_SEARCH_PATHS = (
					"$(inherited)",
					"@executable_path/Frameworks",
				);
				MARKETING_VERSION = 1.0;
				PRODUCT_BUNDLE_IDENTIFIER = "COSC4596.Final-Project";
				PRODUCT_NAME = "$(TARGET_NAME)";
				SWIFT_EMIT_LOC_STRINGS = YES;
				SWIFT_VERSION = 5.0;
				TARGETED_DEVICE_FAMILY = "1,2";
			};
			name = Release;
		};
/* End XCBuildConfiguration section */

/* Begin XCConfigurationList section */
		CF4FF95A27F4D3100011A28D /* Build configuration list for PBXProject "Tappy Frog" */ = {
			isa = XCConfigurationList;
			buildConfigurations = (
				CF4FF97127F4D3110011A28D /* Debug */,
				CF4FF97227F4D3110011A28D /* Release */,
			);
			defaultConfigurationIsVisible = 0;
			defaultConfigurationName = Release;
		};
		CF4FF97327F4D3110011A28D /* Build configuration list for PBXNativeTarget "Tappy Frog" */ = {
			isa = XCConfigurationList;
			buildConfigurations = (
				CF4FF97427F4D3110011A28D /* Debug */,
				CF4FF97527F4D3110011A28D /* Release */,
			);
			defaultConfigurationIsVisible = 0;
			defaultConfigurationName = Release;
		};
/* End XCConfigurationList section */
	};
	rootObject = CF4FF95727F4D3100011A28D /* Project object */;
}
